
Microsoft Visual Studio Solution File, Format Version 12.00
# Visual Studio Version 17
VisualStudioVersion = 17.10.34707.107
MinimumVisualStudioVersion = 10.0.40219.1
Project("{8BC9CEB8-8B4A-11D0-8D11-00A0C91BC942}") = "FinalProject", "FinalProject\FinalProject.vcxproj", "{86D5FA8F-BF8D-47F3-9EAD-56E8F60594D3}"
EndProject
Global
	GlobalSection(SolutionConfigurationPlatforms) = preSolution
		Debug|x64 = Debug|x64
		Debug|x86 = Debug|x86
		Release|x64 = Release|x64
		Release|x86 = Release|x86
	EndGlobalSection
	GlobalSection(ProjectConfigurationPlatforms) = postSolution
		{86D5FA8F-BF8D-47F3-9EAD-56E8F60594D3}.Debug|x64.ActiveCfg = Debug|x64
		{86D5FA8F-BF8D-47F3-9EAD-56E8F60594D3}.Debug|x64.Build.0 = Debug|x64
		{86D5FA8F-BF8D-47F3-9EAD-56E8F60594D3}.Debug|x86.ActiveCfg = Debug|Win32
		{86D5FA8F-BF8D-47F3-9EAD-56E8F60594D3}.Debug|x86.Build.0 = Debug|Win32
		{86D5FA8F-BF8D-47F3-9EAD-56E8F60594D3}.Release|x64.ActiveCfg = Release|x64
		{86D5FA8F-BF8D-47F3-9EAD-56E8F60594D3}.Release|x64.Build.0 = Release|x64
		{86D5FA8F-BF8D-47F3-9EAD-56E8F60594D3}.Release|x86.ActiveCfg = Release|Win32
		{86D5FA8F-BF8D-47F3-9EAD-56E8F60594D3}.Release|x86.Build.0 = Release|Win32
	EndGlobalSection
	GlobalSection(SolutionProperties) = preSolution
		HideSolutionNode = FALSE
	EndGlobalSection
	GlobalSection(ExtensibilityGlobals) = postSolution
		SolutionGuid = {198C4A32-7A2A-4402-830A-177E9B5C3992}
	EndGlobalSection
EndGlobal
